
Microsoft Visual Studio Solution File, Format Version 12.00
# Visual Studio 14
VisualStudioVersion = 14.0.25123.0
MinimumVisualStudioVersion = 10.0.40219.1
Project("{CC5FD16D-436D-48AD-A40C-5A424C6E3E79}") = "PasswordGenerator", "PasswordGenerator\PasswordGenerator.ccproj", "{4CE5FFCD-F7E9-4F17-BF2C-F9A1CBEE4416}"
EndProject
Project("{FAE04EC0-301F-11D3-BF4B-00C04F79EFBC}") = "WebRole1", "WebRole1\WebRole1.csproj", "{FF1D697F-A606-4C29-9EC5-7B63DD097CAC}"
EndProject
Project("{FAE04EC0-301F-11D3-BF4B-00C04F79EFBC}") = "WorkerRole1", "WorkerRole1\WorkerRole1.csproj", "{34F42AB3-FD74-4924-A237-1CA7BB8B1D61}"
EndProject
Project("{FAE04EC0-301F-11D3-BF4B-00C04F79EFBC}") = "ClassLibrary1", "ClassLibrary1\ClassLibrary1.csproj", "{E0751EB5-2DFC-42A8-87C1-B5B8CC0FC550}"
EndProject
Global
	GlobalSection(SolutionConfigurationPlatforms) = preSolution
		Debug|Any CPU = Debug|Any CPU
		Release|Any CPU = Release|Any CPU
	EndGlobalSection
	GlobalSection(ProjectConfigurationPlatforms) = postSolution
		{4CE5FFCD-F7E9-4F17-BF2C-F9A1CBEE4416}.Debug|Any CPU.ActiveCfg = Debug|Any CPU
		{4CE5FFCD-F7E9-4F17-BF2C-F9A1CBEE4416}.Debug|Any CPU.Build.0 = Debug|Any CPU
		{4CE5FFCD-F7E9-4F17-BF2C-F9A1CBEE4416}.Release|Any CPU.ActiveCfg = Release|Any CPU
		{4CE5FFCD-F7E9-4F17-BF2C-F9A1CBEE4416}.Release|Any CPU.Build.0 = Release|Any CPU
		{FF1D697F-A606-4C29-9EC5-7B63DD097CAC}.Debug|Any CPU.ActiveCfg = Debug|Any CPU
		{FF1D697F-A606-4C29-9EC5-7B63DD097CAC}.Debug|Any CPU.Build.0 = Debug|Any CPU
		{FF1D697F-A606-4C29-9EC5-7B63DD097CAC}.Release|Any CPU.ActiveCfg = Release|Any CPU
		{FF1D697F-A606-4C29-9EC5-7B63DD097CAC}.Release|Any CPU.Build.0 = Release|Any CPU
		{34F42AB3-FD74-4924-A237-1CA7BB8B1D61}.Debug|Any CPU.ActiveCfg = Debug|Any CPU
		{34F42AB3-FD74-4924-A237-1CA7BB8B1D61}.Debug|Any CPU.Build.0 = Debug|Any CPU
		{34F42AB3-FD74-4924-A237-1CA7BB8B1D61}.Release|Any CPU.ActiveCfg = Release|Any CPU
		{34F42AB3-FD74-4924-A237-1CA7BB8B1D61}.Release|Any CPU.Build.0 = Release|Any CPU
		{E0751EB5-2DFC-42A8-87C1-B5B8CC0FC550}.Debug|Any CPU.ActiveCfg = Debug|Any CPU
		{E0751EB5-2DFC-42A8-87C1-B5B8CC0FC550}.Debug|Any CPU.Build.0 = Debug|Any CPU
		{E0751EB5-2DFC-42A8-87C1-B5B8CC0FC550}.Release|Any CPU.ActiveCfg = Release|Any CPU
		{E0751EB5-2DFC-42A8-87C1-B5B8CC0FC550}.Release|Any CPU.Build.0 = Release|Any CPU
	EndGlobalSection
	GlobalSection(SolutionProperties) = preSolution
		HideSolutionNode = FALSE
	EndGlobalSection
EndGlobal
