
Microsoft Visual Studio Solution File, Format Version 12.00
# Visual Studio 14
VisualStudioVersion = 14.0.25123.0
MinimumVisualStudioVersion = 10.0.40219.1
Project("{CC5FD16D-436D-48AD-A40C-5A424C6E3E79}") = "AzureTable", "AzureTable\AzureTable.ccproj", "{1B8F20D0-D80A-49F0-A06A-CEFC0E3E8FC4}"
EndProject
Project("{FAE04EC0-301F-11D3-BF4B-00C04F79EFBC}") = "WebRole1", "WebRole1\WebRole1.csproj", "{67F11016-B287-4CF0-8A97-2E51CDC541E8}"
EndProject
Project("{FAE04EC0-301F-11D3-BF4B-00C04F79EFBC}") = "Queue", "Queue\Queue.csproj", "{EEB61D40-3E3B-44CF-999B-2B6812B9E881}"
EndProject
Project("{FAE04EC0-301F-11D3-BF4B-00C04F79EFBC}") = "QueueWorker", "QueueWorker\QueueWorker.csproj", "{2F50788C-6BC3-4261-89C9-1B8BC289B672}"
EndProject
Global
	GlobalSection(SolutionConfigurationPlatforms) = preSolution
		Debug|Any CPU = Debug|Any CPU
		Release|Any CPU = Release|Any CPU
	EndGlobalSection
	GlobalSection(ProjectConfigurationPlatforms) = postSolution
		{1B8F20D0-D80A-49F0-A06A-CEFC0E3E8FC4}.Debug|Any CPU.ActiveCfg = Debug|Any CPU
		{1B8F20D0-D80A-49F0-A06A-CEFC0E3E8FC4}.Debug|Any CPU.Build.0 = Debug|Any CPU
		{1B8F20D0-D80A-49F0-A06A-CEFC0E3E8FC4}.Release|Any CPU.ActiveCfg = Release|Any CPU
		{1B8F20D0-D80A-49F0-A06A-CEFC0E3E8FC4}.Release|Any CPU.Build.0 = Release|Any CPU
		{67F11016-B287-4CF0-8A97-2E51CDC541E8}.Debug|Any CPU.ActiveCfg = Debug|Any CPU
		{67F11016-B287-4CF0-8A97-2E51CDC541E8}.Debug|Any CPU.Build.0 = Debug|Any CPU
		{67F11016-B287-4CF0-8A97-2E51CDC541E8}.Release|Any CPU.ActiveCfg = Release|Any CPU
		{67F11016-B287-4CF0-8A97-2E51CDC541E8}.Release|Any CPU.Build.0 = Release|Any CPU
		{EEB61D40-3E3B-44CF-999B-2B6812B9E881}.Debug|Any CPU.ActiveCfg = Debug|Any CPU
		{EEB61D40-3E3B-44CF-999B-2B6812B9E881}.Debug|Any CPU.Build.0 = Debug|Any CPU
		{EEB61D40-3E3B-44CF-999B-2B6812B9E881}.Release|Any CPU.ActiveCfg = Release|Any CPU
		{EEB61D40-3E3B-44CF-999B-2B6812B9E881}.Release|Any CPU.Build.0 = Release|Any CPU
		{2F50788C-6BC3-4261-89C9-1B8BC289B672}.Debug|Any CPU.ActiveCfg = Debug|Any CPU
		{2F50788C-6BC3-4261-89C9-1B8BC289B672}.Debug|Any CPU.Build.0 = Debug|Any CPU
		{2F50788C-6BC3-4261-89C9-1B8BC289B672}.Release|Any CPU.ActiveCfg = Release|Any CPU
		{2F50788C-6BC3-4261-89C9-1B8BC289B672}.Release|Any CPU.Build.0 = Release|Any CPU
	EndGlobalSection
	GlobalSection(SolutionProperties) = preSolution
		HideSolutionNode = FALSE
	EndGlobalSection
EndGlobal
